
Microsoft Visual Studio Solution File, Format Version 12.00
# Visual Studio Version 18
VisualStudioVersion = 18.2.11415.280
MinimumVisualStudioVersion = 10.0.40219.1
Project("{FAE04EC0-301F-11D3-BF4B-00C04F79EFBC}") = "REWD", "..\REWD\REWD.csproj", "{771068F3-A144-059C-B202-230D28BC15B8}"
EndProject
Project("{FAE04EC0-301F-11D3-BF4B-00C04F79EFBC}") = "RewFile", "..\RewFile\RewFile.csproj", "{B1DF0875-BD83-3788-36F9-E6183B69D2D2}"
EndProject
Project("{FAE04EC0-301F-11D3-BF4B-00C04F79EFBC}") = "CotF-dev", "CotF-dev.csproj", "{4A6AB4B5-E313-A35E-519A-060B41FDEC9F}"
EndProject
Global
	GlobalSection(SolutionConfigurationPlatforms) = preSolution
		Debug|Any CPU = Debug|Any CPU
		Release|Any CPU = Release|Any CPU
	EndGlobalSection
	GlobalSection(ProjectConfigurationPlatforms) = postSolution
		{771068F3-A144-059C-B202-230D28BC15B8}.Debug|Any CPU.ActiveCfg = Debug|Any CPU
		{771068F3-A144-059C-B202-230D28BC15B8}.Debug|Any CPU.Build.0 = Debug|Any CPU
		{771068F3-A144-059C-B202-230D28BC15B8}.Release|Any CPU.ActiveCfg = Release|Any CPU
		{771068F3-A144-059C-B202-230D28BC15B8}.Release|Any CPU.Build.0 = Release|Any CPU
		{B1DF0875-BD83-3788-36F9-E6183B69D2D2}.Debug|Any CPU.ActiveCfg = Debug|Any CPU
		{B1DF0875-BD83-3788-36F9-E6183B69D2D2}.Debug|Any CPU.Build.0 = Debug|Any CPU
		{B1DF0875-BD83-3788-36F9-E6183B69D2D2}.Release|Any CPU.ActiveCfg = Release|Any CPU
		{B1DF0875-BD83-3788-36F9-E6183B69D2D2}.Release|Any CPU.Build.0 = Release|Any CPU
		{4A6AB4B5-E313-A35E-519A-060B41FDEC9F}.Debug|Any CPU.ActiveCfg = Debug|Any CPU
		{4A6AB4B5-E313-A35E-519A-060B41FDEC9F}.Debug|Any CPU.Build.0 = Debug|Any CPU
		{4A6AB4B5-E313-A35E-519A-060B41FDEC9F}.Release|Any CPU.ActiveCfg = Release|Any CPU
		{4A6AB4B5-E313-A35E-519A-060B41FDEC9F}.Release|Any CPU.Build.0 = Release|Any CPU
	EndGlobalSection
	GlobalSection(SolutionProperties) = preSolution
		HideSolutionNode = FALSE
	EndGlobalSection
	GlobalSection(ExtensibilityGlobals) = postSolution
		SolutionGuid = {3D68F30F-7A2B-4D83-8BF9-A2E90E3AE06E}
	EndGlobalSection
EndGlobal
