
Microsoft Visual Studio Solution File, Format Version 12.00
# Visual Studio Version 17
VisualStudioVersion = 17.2.32602.215
MinimumVisualStudioVersion = 10.0.40219.1
Project("{9A19103F-16F7-4668-BE54-9A1E7A4F7556}") = "cotf", "cotf.csproj", "{A9692099-59EB-4E8F-9293-818E42DFCF6F}"
EndProject
Project("{9A19103F-16F7-4668-BE54-9A1E7A4F7556}") = "cotf-Tests", "..\cotf-Tests\cotf-Tests.csproj", "{F26E39C1-E27A-41DA-8DA8-C0E739C8FC31}"
EndProject
Project("{9A19103F-16F7-4668-BE54-9A1E7A4F7556}") = "ArchaeaMod-service", "..\ArchaeaMod-service-1.4.4-port\ArchaeaMod-service.csproj", "{99BFFB3B-4525-4AE8-8685-7791152AC7AF}"
EndProject
Global
	GlobalSection(SolutionConfigurationPlatforms) = preSolution
		Debug|Any CPU = Debug|Any CPU
		Debug|x86 = Debug|x86
		Release|Any CPU = Release|Any CPU
		Release|x86 = Release|x86
	EndGlobalSection
	GlobalSection(ProjectConfigurationPlatforms) = postSolution
		{A9692099-59EB-4E8F-9293-818E42DFCF6F}.Debug|Any CPU.ActiveCfg = Debug|Any CPU
		{A9692099-59EB-4E8F-9293-818E42DFCF6F}.Debug|Any CPU.Build.0 = Debug|Any CPU
		{A9692099-59EB-4E8F-9293-818E42DFCF6F}.Debug|x86.ActiveCfg = Debug|Any CPU
		{A9692099-59EB-4E8F-9293-818E42DFCF6F}.Debug|x86.Build.0 = Debug|Any CPU
		{A9692099-59EB-4E8F-9293-818E42DFCF6F}.Release|Any CPU.ActiveCfg = Release|Any CPU
		{A9692099-59EB-4E8F-9293-818E42DFCF6F}.Release|Any CPU.Build.0 = Release|Any CPU
		{A9692099-59EB-4E8F-9293-818E42DFCF6F}.Release|x86.ActiveCfg = Release|Any CPU
		{A9692099-59EB-4E8F-9293-818E42DFCF6F}.Release|x86.Build.0 = Release|Any CPU
		{F26E39C1-E27A-41DA-8DA8-C0E739C8FC31}.Debug|Any CPU.ActiveCfg = Debug|Any CPU
		{F26E39C1-E27A-41DA-8DA8-C0E739C8FC31}.Debug|Any CPU.Build.0 = Debug|Any CPU
		{F26E39C1-E27A-41DA-8DA8-C0E739C8FC31}.Debug|x86.ActiveCfg = Debug|Any CPU
		{F26E39C1-E27A-41DA-8DA8-C0E739C8FC31}.Debug|x86.Build.0 = Debug|Any CPU
		{F26E39C1-E27A-41DA-8DA8-C0E739C8FC31}.Release|Any CPU.ActiveCfg = Release|Any CPU
		{F26E39C1-E27A-41DA-8DA8-C0E739C8FC31}.Release|Any CPU.Build.0 = Release|Any CPU
		{F26E39C1-E27A-41DA-8DA8-C0E739C8FC31}.Release|x86.ActiveCfg = Release|Any CPU
		{F26E39C1-E27A-41DA-8DA8-C0E739C8FC31}.Release|x86.Build.0 = Release|Any CPU
		{99BFFB3B-4525-4AE8-8685-7791152AC7AF}.Debug|Any CPU.ActiveCfg = Debug|Any CPU
		{99BFFB3B-4525-4AE8-8685-7791152AC7AF}.Debug|Any CPU.Build.0 = Debug|Any CPU
		{99BFFB3B-4525-4AE8-8685-7791152AC7AF}.Debug|x86.ActiveCfg = Debug|Any CPU
		{99BFFB3B-4525-4AE8-8685-7791152AC7AF}.Debug|x86.Build.0 = Debug|Any CPU
		{99BFFB3B-4525-4AE8-8685-7791152AC7AF}.Release|Any CPU.ActiveCfg = Release|Any CPU
		{99BFFB3B-4525-4AE8-8685-7791152AC7AF}.Release|Any CPU.Build.0 = Release|Any CPU
		{99BFFB3B-4525-4AE8-8685-7791152AC7AF}.Release|x86.ActiveCfg = Release|Any CPU
		{99BFFB3B-4525-4AE8-8685-7791152AC7AF}.Release|x86.Build.0 = Release|Any CPU
	EndGlobalSection
	GlobalSection(SolutionProperties) = preSolution
		HideSolutionNode = FALSE
	EndGlobalSection
	GlobalSection(ExtensibilityGlobals) = postSolution
		SolutionGuid = {B5B7DE8F-47E7-4A4C-BD72-B1A86451B13E}
	EndGlobalSection
EndGlobal
